// !$*UTF8*$!
{
	archiveVersion = 1;
	classes = {
	};
	objectVersion = 56;
	objects = {

/* Begin PBXBuildFile section */
		32558A4E2BD050AB0058BC75 /* Rick_MortySwiftUIApp.swift in Sources */ = {isa = PBXBuildFile; fileRef = 32558A4D2BD050AB0058BC75 /* Rick_MortySwiftUIApp.swift */; };
		32558A502BD050AB0058BC75 /* ContentView.swift in Sources */ = {isa = PBXBuildFile; fileRef = 32558A4F2BD050AB0058BC75 /* ContentView.swift */; };
		32558A522BD050AE0058BC75 /* Assets.xcassets in Resources */ = {isa = PBXBuildFile; fileRef = 32558A512BD050AE0058BC75 /* Assets.xcassets */; };
		32558A552BD050AE0058BC75 /* Preview Assets.xcassets in Resources */ = {isa = PBXBuildFile; fileRef = 32558A542BD050AE0058BC75 /* Preview Assets.xcassets */; };
		32558A5F2BD050AE0058BC75 /* Rick_MortySwiftUITests.swift in Sources */ = {isa = PBXBuildFile; fileRef = 32558A5E2BD050AE0058BC75 /* Rick_MortySwiftUITests.swift */; };
		32558A692BD050AE0058BC75 /* Rick_MortySwiftUIUITests.swift in Sources */ = {isa = PBXBuildFile; fileRef = 32558A682BD050AE0058BC75 /* Rick_MortySwiftUIUITests.swift */; };
		32558A6B2BD050AE0058BC75 /* Rick_MortySwiftUIUITestsLaunchTests.swift in Sources */ = {isa = PBXBuildFile; fileRef = 32558A6A2BD050AE0058BC75 /* Rick_MortySwiftUIUITestsLaunchTests.swift */; };
/* End PBXBuildFile section */

/* Begin PBXContainerItemProxy section */
		32558A5B2BD050AE0058BC75 /* PBXContainerItemProxy */ = {
			isa = PBXContainerItemProxy;
			containerPortal = 32558A422BD050AB0058BC75 /* Project object */;
			proxyType = 1;
			remoteGlobalIDString = 32558A492BD050AB0058BC75;
			remoteInfo = "Rick&MortySwiftUI";
		};
		32558A652BD050AE0058BC75 /* PBXContainerItemProxy */ = {
			isa = PBXContainerItemProxy;
			containerPortal = 32558A422BD050AB0058BC75 /* Project object */;
			proxyType = 1;
			remoteGlobalIDString = 32558A492BD050AB0058BC75;
			remoteInfo = "Rick&MortySwiftUI";
		};
/* End PBXContainerItemProxy section */

/* Begin PBXFileReference section */
		32558A4A2BD050AB0058BC75 /* Rick&MortySwiftUI.app */ = {isa = PBXFileReference; explicitFileType = wrapper.application; includeInIndex = 0; path = "Rick&MortySwiftUI.app"; sourceTree = BUILT_PRODUCTS_DIR; };
		32558A4D2BD050AB0058BC75 /* Rick_MortySwiftUIApp.swift */ = {isa = PBXFileReference; lastKnownFileType = sourcecode.swift; path = Rick_MortySwiftUIApp.swift; sourceTree = "<group>"; };
		32558A4F2BD050AB0058BC75 /* ContentView.swift */ = {isa = PBXFileReference; lastKnownFileType = sourcecode.swift; path = ContentView.swift; sourceTree = "<group>"; };
		32558A512BD050AE0058BC75 /* Assets.xcassets */ = {isa = PBXFileReference; lastKnownFileType = folder.assetcatalog; path = Assets.xcassets; sourceTree = "<group>"; };
		32558A542BD050AE0058BC75 /* Preview Assets.xcassets */ = {isa = PBXFileReference; lastKnownFileType = folder.assetcatalog; path = "Preview Assets.xcassets"; sourceTree = "<group>"; };
		32558A5A2BD050AE0058BC75 /* Rick&MortySwiftUITests.xctest */ = {isa = PBXFileReference; explicitFileType = wrapper.cfbundle; includeInIndex = 0; path = "Rick&MortySwiftUITests.xctest"; sourceTree = BUILT_PRODUCTS_DIR; };
		32558A5E2BD050AE0058BC75 /* Rick_MortySwiftUITests.swift */ = {isa = PBXFileReference; lastKnownFileType = sourcecode.swift; path = Rick_MortySwiftUITests.swift; sourceTree = "<group>"; };
		32558A642BD050AE0058BC75 /* Rick&MortySwiftUIUITests.xctest */ = {isa = PBXFileReference; explicitFileType = wrapper.cfbundle; includeInIndex = 0; path = "Rick&MortySwiftUIUITests.xctest"; sourceTree = BUILT_PRODUCTS_DIR; };
		32558A682BD050AE0058BC75 /* Rick_MortySwiftUIUITests.swift */ = {isa = PBXFileReference; lastKnownFileType = sourcecode.swift; path = Rick_MortySwiftUIUITests.swift; sourceTree = "<group>"; };
		32558A6A2BD050AE0058BC75 /* Rick_MortySwiftUIUITestsLaunchTests.swift */ = {isa = PBXFileReference; lastKnownFileType = sourcecode.swift; path = Rick_MortySwiftUIUITestsLaunchTests.swift; sourceTree = "<group>"; };
/* End PBXFileReference section */

/* Begin PBXFrameworksBuildPhase section */
		32558A472BD050AB0058BC75 /* Frameworks */ = {
			isa = PBXFrameworksBuildPhase;
			buildActionMask = 2147483647;
			files = (
			);
			runOnlyForDeploymentPostprocessing = 0;
		};
		32558A572BD050AE0058BC75 /* Frameworks */ = {
			isa = PBXFrameworksBuildPhase;
			buildActionMask = 2147483647;
			files = (
			);
			runOnlyForDeploymentPostprocessing = 0;
		};
		32558A612BD050AE0058BC75 /* Frameworks */ = {
			isa = PBXFrameworksBuildPhase;
			buildActionMask = 2147483647;
			files = (
			);
			runOnlyForDeploymentPostprocessing = 0;
		};
/* End PBXFrameworksBuildPhase section */

/* Begin PBXGroup section */
		32558A412BD050AB0058BC75 = {
			isa = PBXGroup;
			children = (
				32558A4C2BD050AB0058BC75 /* Rick&MortySwiftUI */,
				32558A5D2BD050AE0058BC75 /* Rick&MortySwiftUITests */,
				32558A672BD050AE0058BC75 /* Rick&MortySwiftUIUITests */,
				32558A4B2BD050AB0058BC75 /* Products */,
			);
			sourceTree = "<group>";
		};
		32558A4B2BD050AB0058BC75 /* Products */ = {
			isa = PBXGroup;
			children = (
				32558A4A2BD050AB0058BC75 /* Rick&MortySwiftUI.app */,
				32558A5A2BD050AE0058BC75 /* Rick&MortySwiftUITests.xctest */,
				32558A642BD050AE0058BC75 /* Rick&MortySwiftUIUITests.xctest */,
			);
			name = Products;
			sourceTree = "<group>";
		};
		32558A4C2BD050AB0058BC75 /* Rick&MortySwiftUI */ = {
			isa = PBXGroup;
			children = (
				32558A4D2BD050AB0058BC75 /* Rick_MortySwiftUIApp.swift */,
				32558A4F2BD050AB0058BC75 /* ContentView.swift */,
				32558A512BD050AE0058BC75 /* Assets.xcassets */,
				32558A532BD050AE0058BC75 /* Preview Content */,
			);
			path = "Rick&MortySwiftUI";
			sourceTree = "<group>";
		};
		32558A532BD050AE0058BC75 /* Preview Content */ = {
			isa = PBXGroup;
			children = (
				32558A542BD050AE0058BC75 /* Preview Assets.xcassets */,
			);
			path = "Preview Content";
			sourceTree = "<group>";
		};
		32558A5D2BD050AE0058BC75 /* Rick&MortySwiftUITests */ = {
			isa = PBXGroup;
			children = (
				32558A5E2BD050AE0058BC75 /* Rick_MortySwiftUITests.swift */,
			);
			path = "Rick&MortySwiftUITests";
			sourceTree = "<group>";
		};
		32558A672BD050AE0058BC75 /* Rick&MortySwiftUIUITests */ = {
			isa = PBXGroup;
			children = (
				32558A682BD050AE0058BC75 /* Rick_MortySwiftUIUITests.swift */,
				32558A6A2BD050AE0058BC75 /* Rick_MortySwiftUIUITestsLaunchTests.swift */,
			);
			path = "Rick&MortySwiftUIUITests";
			sourceTree = "<group>";
		};
/* End PBXGroup section */

/* Begin PBXNativeTarget section */
		32558A492BD050AB0058BC75 /* Rick&MortySwiftUI */ = {
			isa = PBXNativeTarget;
			buildConfigurationList = 32558A6E2BD050AE0058BC75 /* Build configuration list for PBXNativeTarget "Rick&MortySwiftUI" */;
			buildPhases = (
				32558A462BD050AB0058BC75 /* Sources */,
				32558A472BD050AB0058BC75 /* Frameworks */,
				32558A482BD050AB0058BC75 /* Resources */,
			);
			buildRules = (
			);
			dependencies = (
			);
			name = "Rick&MortySwiftUI";
			productName = "Rick&MortySwiftUI";
			productReference = 32558A4A2BD050AB0058BC75 /* Rick&MortySwiftUI.app */;
			productType = "com.apple.product-type.application";
		};
		32558A592BD050AE0058BC75 /* Rick&MortySwiftUITests */ = {
			isa = PBXNativeTarget;
			buildConfigurationList = 32558A712BD050AE0058BC75 /* Build configuration list for PBXNativeTarget "Rick&MortySwiftUITests" */;
			buildPhases = (
				32558A562BD050AE0058BC75 /* Sources */,
				32558A572BD050AE0058BC75 /* Frameworks */,
				32558A582BD050AE0058BC75 /* Resources */,
			);
			buildRules = (
			);
			dependencies = (
				32558A5C2BD050AE0058BC75 /* PBXTargetDependency */,
			);
			name = "Rick&MortySwiftUITests";
			productName = "Rick&MortySwiftUITests";
			productReference = 32558A5A2BD050AE0058BC75 /* Rick&MortySwiftUITests.xctest */;
			productType = "com.apple.product-type.bundle.unit-test";
		};
		32558A632BD050AE0058BC75 /* Rick&MortySwiftUIUITests */ = {
			isa = PBXNativeTarget;
			buildConfigurationList = 32558A742BD050AE0058BC75 /* Build configuration list for PBXNativeTarget "Rick&MortySwiftUIUITests" */;
			buildPhases = (
				32558A602BD050AE0058BC75 /* Sources */,
				32558A612BD050AE0058BC75 /* Frameworks */,
				32558A622BD050AE0058BC75 /* Resources */,
			);
			buildRules = (
			);
			dependencies = (
				32558A662BD050AE0058BC75 /* PBXTargetDependency */,
			);
			name = "Rick&MortySwiftUIUITests";
			productName = "Rick&MortySwiftUIUITests";
			productReference = 32558A642BD050AE0058BC75 /* Rick&MortySwiftUIUITests.xctest */;
			productType = "com.apple.product-type.bundle.ui-testing";
		};
/* End PBXNativeTarget section */

/* Begin PBXProject section */
		32558A422BD050AB0058BC75 /* Project object */ = {
			isa = PBXProject;
			attributes = {
				BuildIndependentTargetsInParallel = 1;
				LastSwiftUpdateCheck = 1430;
				LastUpgradeCheck = 1430;
				TargetAttributes = {
					32558A492BD050AB0058BC75 = {
						CreatedOnToolsVersion = 14.3;
					};
					32558A592BD050AE0058BC75 = {
						CreatedOnToolsVersion = 14.3;
						TestTargetID = 32558A492BD050AB0058BC75;
					};
					32558A632BD050AE0058BC75 = {
						CreatedOnToolsVersion = 14.3;
						TestTargetID = 32558A492BD050AB0058BC75;
					};
				};
			};
			buildConfigurationList = 32558A452BD050AB0058BC75 /* Build configuration list for PBXProject "Rick&MortySwiftUI" */;
			compatibilityVersion = "Xcode 14.0";
			developmentRegion = en;
			hasScannedForEncodings = 0;
			knownRegions = (
				en,
				Base,
			);
			mainGroup = 32558A412BD050AB0058BC75;
			productRefGroup = 32558A4B2BD050AB0058BC75 /* Products */;
			projectDirPath = "";
			projectRoot = "";
			targets = (
				32558A492BD050AB0058BC75 /* Rick&MortySwiftUI */,
				32558A592BD050AE0058BC75 /* Rick&MortySwiftUITests */,
				32558A632BD050AE0058BC75 /* Rick&MortySwiftUIUITests */,
			);
		};
/* End PBXProject section */

/* Begin PBXResourcesBuildPhase section */
		32558A482BD050AB0058BC75 /* Resources */ = {
			isa = PBXResourcesBuildPhase;
			buildActionMask = 2147483647;
			files = (
				32558A552BD050AE0058BC75 /* Preview Assets.xcassets in Resources */,
				32558A522BD050AE0058BC75 /* Assets.xcassets in Resources */,
			);
			runOnlyForDeploymentPostprocessing = 0;
		};
		32558A582BD050AE0058BC75 /* Resources */ = {
			isa = PBXResourcesBuildPhase;
			buildActionMask = 2147483647;
			files = (
			);
			runOnlyForDeploymentPostprocessing = 0;
		};
		32558A622BD050AE0058BC75 /* Resources */ = {
			isa = PBXResourcesBuildPhase;
			buildActionMask = 2147483647;
			files = (
			);
			runOnlyForDeploymentPostprocessing = 0;
		};
/* End PBXResourcesBuildPhase section */

/* Begin PBXSourcesBuildPhase section */
		32558A462BD050AB0058BC75 /* Sources */ = {
			isa = PBXSourcesBuildPhase;
			buildActionMask = 2147483647;
			files = (
				32558A502BD050AB0058BC75 /* ContentView.swift in Sources */,
				32558A4E2BD050AB0058BC75 /* Rick_MortySwiftUIApp.swift in Sources */,
			);
			runOnlyForDeploymentPostprocessing = 0;
		};
		32558A562BD050AE0058BC75 /* Sources */ = {
			isa = PBXSourcesBuildPhase;
			buildActionMask = 2147483647;
			files = (
				32558A5F2BD050AE0058BC75 /* Rick_MortySwiftUITests.swift in Sources */,
			);
			runOnlyForDeploymentPostprocessing = 0;
		};
		32558A602BD050AE0058BC75 /* Sources */ = {
			isa = PBXSourcesBuildPhase;
			buildActionMask = 2147483647;
			files = (
				32558A692BD050AE0058BC75 /* Rick_MortySwiftUIUITests.swift in Sources */,
				32558A6B2BD050AE0058BC75 /* Rick_MortySwiftUIUITestsLaunchTests.swift in Sources */,
			);
			runOnlyForDeploymentPostprocessing = 0;
		};
/* End PBXSourcesBuildPhase section */

/* Begin PBXTargetDependency section */
		32558A5C2BD050AE0058BC75 /* PBXTargetDependency */ = {
			isa = PBXTargetDependency;
			target = 32558A492BD050AB0058BC75 /* Rick&MortySwiftUI */;
			targetProxy = 32558A5B2BD050AE0058BC75 /* PBXContainerItemProxy */;
		};
		32558A662BD050AE0058BC75 /* PBXTargetDependency */ = {
			isa = PBXTargetDependency;
			target = 32558A492BD050AB0058BC75 /* Rick&MortySwiftUI */;
			targetProxy = 32558A652BD050AE0058BC75 /* PBXContainerItemProxy */;
		};
/* End PBXTargetDependency section */

/* Begin XCBuildConfiguration section */
		32558A6C2BD050AE0058BC75 /* Debug */ = {
			isa = XCBuildConfiguration;
			buildSettings = {
				ALWAYS_SEARCH_USER_PATHS = NO;
				CLANG_ANALYZER_NONNULL = YES;
				CLANG_ANALYZER_NUMBER_OBJECT_CONVERSION = YES_AGGRESSIVE;
				CLANG_CXX_LANGUAGE_STANDARD = "gnu++20";
				CLANG_ENABLE_MODULES = YES;
				CLANG_ENABLE_OBJC_ARC = YES;
				CLANG_ENABLE_OBJC_WEAK = YES;
				CLANG_WARN_BLOCK_CAPTURE_AUTORELEASING = YES;
				CLANG_WARN_BOOL_CONVERSION = YES;
				CLANG_WARN_COMMA = YES;
				CLANG_WARN_CONSTANT_CONVERSION = YES;
				CLANG_WARN_DEPRECATED_OBJC_IMPLEMENTATIONS = YES;
				CLANG_WARN_DIRECT_OBJC_ISA_USAGE = YES_ERROR;
				CLANG_WARN_DOCUMENTATION_COMMENTS = YES;
				CLANG_WARN_EMPTY_BODY = YES;
				CLANG_WARN_ENUM_CONVERSION = YES;
				CLANG_WARN_INFINITE_RECURSION = YES;
				CLANG_WARN_INT_CONVERSION = YES;
				CLANG_WARN_NON_LITERAL_NULL_CONVERSION = YES;
				CLANG_WARN_OBJC_IMPLICIT_RETAIN_SELF = YES;
				CLANG_WARN_OBJC_LITERAL_CONVERSION = YES;
				CLANG_WARN_OBJC_ROOT_CLASS = YES_ERROR;
				CLANG_WARN_QUOTED_INCLUDE_IN_FRAMEWORK_HEADER = YES;
				CLANG_WARN_RANGE_LOOP_ANALYSIS = YES;
				CLANG_WARN_STRICT_PROTOTYPES = YES;
				CLANG_WARN_SUSPICIOUS_MOVE = YES;
				CLANG_WARN_UNGUARDED_AVAILABILITY = YES_AGGRESSIVE;
				CLANG_WARN_UNREACHABLE_CODE = YES;
				CLANG_WARN__DUPLICATE_METHOD_MATCH = YES;
				COPY_PHASE_STRIP = NO;
				DEBUG_INFORMATION_FORMAT = dwarf;
				ENABLE_STRICT_OBJC_MSGSEND = YES;
				ENABLE_TESTABILITY = YES;
				GCC_C_LANGUAGE_STANDARD = gnu11;
				GCC_DYNAMIC_NO_PIC = NO;
				GCC_NO_COMMON_BLOCKS = YES;
				GCC_OPTIMIZATION_LEVEL = 0;
				GCC_PREPROCESSOR_DEFINITIONS = (
					"DEBUG=1",
					"$(inherited)",
				);
				GCC_WARN_64_TO_32_BIT_CONVERSION = YES;
				GCC_WARN_ABOUT_RETURN_TYPE = YES_ERROR;
				GCC_WARN_UNDECLARED_SELECTOR = YES;
				GCC_WARN_UNINITIALIZED_AUTOS = YES_AGGRESSIVE;
				GCC_WARN_UNUSED_FUNCTION = YES;
				GCC_WARN_UNUSED_VARIABLE = YES;
				IPHONEOS_DEPLOYMENT_TARGET = 16.4;
				MTL_ENABLE_DEBUG_INFO = INCLUDE_SOURCE;
				MTL_FAST_MATH = YES;
				ONLY_ACTIVE_ARCH = YES;
				SDKROOT = iphoneos;
				SWIFT_ACTIVE_COMPILATION_CONDITIONS = DEBUG;
				SWIFT_OPTIMIZATION_LEVEL = "-Onone";
			};
			name = Debug;
		};
		32558A6D2BD050AE0058BC75 /* Release */ = {
			isa = XCBuildConfiguration;
			buildSettings = {
				ALWAYS_SEARCH_USER_PATHS = NO;
				CLANG_ANALYZER_NONNULL = YES;
				CLANG_ANALYZER_NUMBER_OBJECT_CONVERSION = YES_AGGRESSIVE;
				CLANG_CXX_LANGUAGE_STANDARD = "gnu++20";
				CLANG_ENABLE_MODULES = YES;
				CLANG_ENABLE_OBJC_ARC = YES;
				CLANG_ENABLE_OBJC_WEAK = YES;
				CLANG_WARN_BLOCK_CAPTURE_AUTORELEASING = YES;
				CLANG_WARN_BOOL_CONVERSION = YES;
				CLANG_WARN_COMMA = YES;
				CLANG_WARN_CONSTANT_CONVERSION = YES;
				CLANG_WARN_DEPRECATED_OBJC_IMPLEMENTATIONS = YES;
				CLANG_WARN_DIRECT_OBJC_ISA_USAGE = YES_ERROR;
				CLANG_WARN_DOCUMENTATION_COMMENTS = YES;
				CLANG_WARN_EMPTY_BODY = YES;
				CLANG_WARN_ENUM_CONVERSION = YES;
				CLANG_WARN_INFINITE_RECURSION = YES;
				CLANG_WARN_INT_CONVERSION = YES;
				CLANG_WARN_NON_LITERAL_NULL_CONVERSION = YES;
				CLANG_WARN_OBJC_IMPLICIT_RETAIN_SELF = YES;
				CLANG_WARN_OBJC_LITERAL_CONVERSION = YES;
				CLANG_WARN_OBJC_ROOT_CLASS = YES_ERROR;
				CLANG_WARN_QUOTED_INCLUDE_IN_FRAMEWORK_HEADER = YES;
				CLANG_WARN_RANGE_LOOP_ANALYSIS = YES;
				CLANG_WARN_STRICT_PROTOTYPES = YES;
				CLANG_WARN_SUSPICIOUS_MOVE = YES;
				CLANG_WARN_UNGUARDED_AVAILABILITY = YES_AGGRESSIVE;
				CLANG_WARN_UNREACHABLE_CODE = YES;
				CLANG_WARN__DUPLICATE_METHOD_MATCH = YES;
				COPY_PHASE_STRIP = NO;
				DEBUG_INFORMATION_FORMAT = "dwarf-with-dsym";
				ENABLE_NS_ASSERTIONS = NO;
				ENABLE_STRICT_OBJC_MSGSEND = YES;
				GCC_C_LANGUAGE_STANDARD = gnu11;
				GCC_NO_COMMON_BLOCKS = YES;
				GCC_WARN_64_TO_32_BIT_CONVERSION = YES;
				GCC_WARN_ABOUT_RETURN_TYPE = YES_ERROR;
				GCC_WARN_UNDECLARED_SELECTOR = YES;
				GCC_WARN_UNINITIALIZED_AUTOS = YES_AGGRESSIVE;
				GCC_WARN_UNUSED_FUNCTION = YES;
				GCC_WARN_UNUSED_VARIABLE = YES;
				IPHONEOS_DEPLOYMENT_TARGET = 16.4;
				MTL_ENABLE_DEBUG_INFO = NO;
				MTL_FAST_MATH = YES;
				SDKROOT = iphoneos;
				SWIFT_COMPILATION_MODE = wholemodule;
				SWIFT_OPTIMIZATION_LEVEL = "-O";
				VALIDATE_PRODUCT = YES;
			};
			name = Release;
		};
		32558A6F2BD050AE0058BC75 /* Debug */ = {
			isa = XCBuildConfiguration;
			buildSettings = {
				ASSETCATALOG_COMPILER_APPICON_NAME = AppIcon;
				ASSETCATALOG_COMPILER_GLOBAL_ACCENT_COLOR_NAME = AccentColor;
				CODE_SIGN_STYLE = Automatic;
				CURRENT_PROJECT_VERSION = 1;
				DEVELOPMENT_ASSET_PATHS = "\"Rick&MortySwiftUI/Preview Content\"";
				ENABLE_PREVIEWS = YES;
				GENERATE_INFOPLIST_FILE = YES;
				INFOPLIST_KEY_UIApplicationSceneManifest_Generation = YES;
				INFOPLIST_KEY_UIApplicationSupportsIndirectInputEvents = YES;
				INFOPLIST_KEY_UILaunchScreen_Generation = YES;
				INFOPLIST_KEY_UISupportedInterfaceOrientations_iPad = "UIInterfaceOrientationPortrait UIInterfaceOrientationPortraitUpsideDown UIInterfaceOrientationLandscapeLeft UIInterfaceOrientationLandscapeRight";
				INFOPLIST_KEY_UISupportedInterfaceOrientations_iPhone = "UIInterfaceOrientationPortrait UIInterfaceOrientationLandscapeLeft UIInterfaceOrientationLandscapeRight";
				LD_RUNPATH_SEARCH_PATHS = (
					"$(inherited)",
					"@executable_path/Frameworks",
				);
				MARKETING_VERSION = 1.0;
				PRODUCT_BUNDLE_IDENTIFIER = "com.herrero.Rick-MortySwiftUI";
				PRODUCT_NAME = "$(TARGET_NAME)";
				SWIFT_EMIT_LOC_STRINGS = YES;
				SWIFT_VERSION = 5.0;
				TARGETED_DEVICE_FAMILY = "1,2";
			};
			name = Debug;
		};
		32558A702BD050AE0058BC75 /* Release */ = {
			isa = XCBuildConfiguration;
			buildSettings = {
				ASSETCATALOG_COMPILER_APPICON_NAME = AppIcon;
				ASSETCATALOG_COMPILER_GLOBAL_ACCENT_COLOR_NAME = AccentColor;
				CODE_SIGN_STYLE = Automatic;
				CURRENT_PROJECT_VERSION = 1;
				DEVELOPMENT_ASSET_PATHS = "\"Rick&MortySwiftUI/Preview Content\"";
				ENABLE_PREVIEWS = YES;
				GENERATE_INFOPLIST_FILE = YES;
				INFOPLIST_KEY_UIApplicationSceneManifest_Generation = YES;
				INFOPLIST_KEY_UIApplicationSupportsIndirectInputEvents = YES;
				INFOPLIST_KEY_UILaunchScreen_Generation = YES;
				INFOPLIST_KEY_UISupportedInterfaceOrientations_iPad = "UIInterfaceOrientationPortrait UIInterfaceOrientationPortraitUpsideDown UIInterfaceOrientationLandscapeLeft UIInterfaceOrientationLandscapeRight";
				INFOPLIST_KEY_UISupportedInterfaceOrientations_iPhone = "UIInterfaceOrientationPortrait UIInterfaceOrientationLandscapeLeft UIInterfaceOrientationLandscapeRight";
				LD_RUNPATH_SEARCH_PATHS = (
					"$(inherited)",
					"@executable_path/Frameworks",
				);
				MARKETING_VERSION = 1.0;
				PRODUCT_BUNDLE_IDENTIFIER = "com.herrero.Rick-MortySwiftUI";
				PRODUCT_NAME = "$(TARGET_NAME)";
				SWIFT_EMIT_LOC_STRINGS = YES;
				SWIFT_VERSION = 5.0;
				TARGETED_DEVICE_FAMILY = "1,2";
			};
			name = Release;
		};
		32558A722BD050AE0058BC75 /* Debug */ = {
			isa = XCBuildConfiguration;
			buildSettings = {
				ALWAYS_EMBED_SWIFT_STANDARD_LIBRARIES = YES;
				BUNDLE_LOADER = "$(TEST_HOST)";
				CODE_SIGN_STYLE = Automatic;
				CURRENT_PROJECT_VERSION = 1;
				GENERATE_INFOPLIST_FILE = YES;
				IPHONEOS_DEPLOYMENT_TARGET = 16.4;
				MARKETING_VERSION = 1.0;
				PRODUCT_BUNDLE_IDENTIFIER = "com.herrero.Rick-MortySwiftUITests";
				PRODUCT_NAME = "$(TARGET_NAME)";
				SWIFT_EMIT_LOC_STRINGS = NO;
				SWIFT_VERSION = 5.0;
				TARGETED_DEVICE_FAMILY = "1,2";
				TEST_HOST = "$(BUILT_PRODUCTS_DIR)/Rick&MortySwiftUI.app/$(BUNDLE_EXECUTABLE_FOLDER_PATH)/Rick&MortySwiftUI";
			};
			name = Debug;
		};
		32558A732BD050AE0058BC75 /* Release */ = {
			isa = XCBuildConfiguration;
			buildSettings = {
				ALWAYS_EMBED_SWIFT_STANDARD_LIBRARIES = YES;
				BUNDLE_LOADER = "$(TEST_HOST)";
				CODE_SIGN_STYLE = Automatic;
				CURRENT_PROJECT_VERSION = 1;
				GENERATE_INFOPLIST_FILE = YES;
				IPHONEOS_DEPLOYMENT_TARGET = 16.4;
				MARKETING_VERSION = 1.0;
				PRODUCT_BUNDLE_IDENTIFIER = "com.herrero.Rick-MortySwiftUITests";
				PRODUCT_NAME = "$(TARGET_NAME)";
				SWIFT_EMIT_LOC_STRINGS = NO;
				SWIFT_VERSION = 5.0;
				TARGETED_DEVICE_FAMILY = "1,2";
				TEST_HOST = "$(BUILT_PRODUCTS_DIR)/Rick&MortySwiftUI.app/$(BUNDLE_EXECUTABLE_FOLDER_PATH)/Rick&MortySwiftUI";
			};
			name = Release;
		};
		32558A752BD050AE0058BC75 /* Debug */ = {
			isa = XCBuildConfiguration;
			buildSettings = {
				ALWAYS_EMBED_SWIFT_STANDARD_LIBRARIES = YES;
				CODE_SIGN_STYLE = Automatic;
				CURRENT_PROJECT_VERSION = 1;
				GENERATE_INFOPLIST_FILE = YES;
				MARKETING_VERSION = 1.0;
				PRODUCT_BUNDLE_IDENTIFIER = "com.herrero.Rick-MortySwiftUIUITests";
				PRODUCT_NAME = "$(TARGET_NAME)";
				SWIFT_EMIT_LOC_STRINGS = NO;
				SWIFT_VERSION = 5.0;
				TARGETED_DEVICE_FAMILY = "1,2";
				TEST_TARGET_NAME = "Rick&MortySwiftUI";
			};
			name = Debug;
		};
		32558A762BD050AE0058BC75 /* Release */ = {
			isa = XCBuildConfiguration;
			buildSettings = {
				ALWAYS_EMBED_SWIFT_STANDARD_LIBRARIES = YES;
				CODE_SIGN_STYLE = Automatic;
				CURRENT_PROJECT_VERSION = 1;
				GENERATE_INFOPLIST_FILE = YES;
				MARKETING_VERSION = 1.0;
				PRODUCT_BUNDLE_IDENTIFIER = "com.herrero.Rick-MortySwiftUIUITests";
				PRODUCT_NAME = "$(TARGET_NAME)";
				SWIFT_EMIT_LOC_STRINGS = NO;
				SWIFT_VERSION = 5.0;
				TARGETED_DEVICE_FAMILY = "1,2";
				TEST_TARGET_NAME = "Rick&MortySwiftUI";
			};
			name = Release;
		};
/* End XCBuildConfiguration section */

/* Begin XCConfigurationList section */
		32558A452BD050AB0058BC75 /* Build configuration list for PBXProject "Rick&MortySwiftUI" */ = {
			isa = XCConfigurationList;
			buildConfigurations = (
				32558A6C2BD050AE0058BC75 /* Debug */,
				32558A6D2BD050AE0058BC75 /* Release */,
			);
			defaultConfigurationIsVisible = 0;
			defaultConfigurationName = Release;
		};
		32558A6E2BD050AE0058BC75 /* Build configuration list for PBXNativeTarget "Rick&MortySwiftUI" */ = {
			isa = XCConfigurationList;
			buildConfigurations = (
				32558A6F2BD050AE0058BC75 /* Debug */,
				32558A702BD050AE0058BC75 /* Release */,
			);
			defaultConfigurationIsVisible = 0;
			defaultConfigurationName = Release;
		};
		32558A712BD050AE0058BC75 /* Build configuration list for PBXNativeTarget "Rick&MortySwiftUITests" */ = {
			isa = XCConfigurationList;
			buildConfigurations = (
				32558A722BD050AE0058BC75 /* Debug */,
				32558A732BD050AE0058BC75 /* Release */,
			);
			defaultConfigurationIsVisible = 0;
			defaultConfigurationName = Release;
		};
		32558A742BD050AE0058BC75 /* Build configuration list for PBXNativeTarget "Rick&MortySwiftUIUITests" */ = {
			isa = XCConfigurationList;
			buildConfigurations = (
				32558A752BD050AE0058BC75 /* Debug */,
				32558A762BD050AE0058BC75 /* Release */,
			);
			defaultConfigurationIsVisible = 0;
			defaultConfigurationName = Release;
		};
/* End XCConfigurationList section */
	};
	rootObject = 32558A422BD050AB0058BC75 /* Project object */;
}
