// !$*UTF8*$!
{
	archiveVersion = 1;
	classes = {
	};
	objectVersion = 56;
	objects = {

/* Begin PBXBuildFile section */
		32558A4E2BD050AB0058BC75 /* AppDelegate.swift in Sources */ = {isa = PBXBuildFile; fileRef = 32558A4D2BD050AB0058BC75 /* AppDelegate.swift */; };
		32558A522BD050AE0058BC75 /* Assets.xcassets in Resources */ = {isa = PBXBuildFile; fileRef = 32558A512BD050AE0058BC75 /* Assets.xcassets */; };
		32558A552BD050AE0058BC75 /* Preview Assets.xcassets in Resources */ = {isa = PBXBuildFile; fileRef = 32558A542BD050AE0058BC75 /* Preview Assets.xcassets */; };
		32558A5F2BD050AE0058BC75 /* Rick_MortySwiftUITests.swift in Sources */ = {isa = PBXBuildFile; fileRef = 32558A5E2BD050AE0058BC75 /* Rick_MortySwiftUITests.swift */; };
		32558A792BD051300058BC75 /* NetworkManager.swift in Sources */ = {isa = PBXBuildFile; fileRef = 32558A782BD051300058BC75 /* NetworkManager.swift */; };
		32558A7C2BD054890058BC75 /* InyectionValues.swift in Sources */ = {isa = PBXBuildFile; fileRef = 32558A7B2BD054890058BC75 /* InyectionValues.swift */; };
		32558A7F2BD055660058BC75 /* CharactersListViewModel.swift in Sources */ = {isa = PBXBuildFile; fileRef = 32558A7E2BD055660058BC75 /* CharactersListViewModel.swift */; };
		32558A812BD055770058BC75 /* CharactersListView.swift in Sources */ = {isa = PBXBuildFile; fileRef = 32558A802BD055770058BC75 /* CharactersListView.swift */; };
		32558A8A2BD0577C0058BC75 /* Character.swift in Sources */ = {isa = PBXBuildFile; fileRef = 32558A892BD0577C0058BC75 /* Character.swift */; };
		32558A8C2BD057A80058BC75 /* GetCharactersListUseCase.swift in Sources */ = {isa = PBXBuildFile; fileRef = 32558A8B2BD057A80058BC75 /* GetCharactersListUseCase.swift */; };
		32558A8E2BD057E00058BC75 /* GetCharactersListUseCaseProtocol.swift in Sources */ = {isa = PBXBuildFile; fileRef = 32558A8D2BD057E00058BC75 /* GetCharactersListUseCaseProtocol.swift */; };
		32558A902BD059E60058BC75 /* PropertyWrapper.swift in Sources */ = {isa = PBXBuildFile; fileRef = 32558A8F2BD059E60058BC75 /* PropertyWrapper.swift */; };
		32558A922BD05A0A0058BC75 /* GetCharactersListRepository.swift in Sources */ = {isa = PBXBuildFile; fileRef = 32558A912BD05A0A0058BC75 /* GetCharactersListRepository.swift */; };
		32558A942BD05A3E0058BC75 /* GetCharactersListRepositoryProtocol.swift in Sources */ = {isa = PBXBuildFile; fileRef = 32558A932BD05A3E0058BC75 /* GetCharactersListRepositoryProtocol.swift */; };
		32558A962BD05AC20058BC75 /* CharactersListService.swift in Sources */ = {isa = PBXBuildFile; fileRef = 32558A952BD05AC20058BC75 /* CharactersListService.swift */; };
		32558A982BD05AE70058BC75 /* CharactersListServiceProtocolKey.swift in Sources */ = {isa = PBXBuildFile; fileRef = 32558A972BD05AE70058BC75 /* CharactersListServiceProtocolKey.swift */; };
		32558A9A2BD05CCB0058BC75 /* URLSession.swift in Sources */ = {isa = PBXBuildFile; fileRef = 32558A992BD05CCB0058BC75 /* URLSession.swift */; };
		32558A9C2BD060CA0058BC75 /* JSONDecoder.swift in Sources */ = {isa = PBXBuildFile; fileRef = 32558A9B2BD060CA0058BC75 /* JSONDecoder.swift */; };
		32558A9F2BD061F10058BC75 /* NetworkManagerProtocol.swift in Sources */ = {isa = PBXBuildFile; fileRef = 32558A9E2BD061F10058BC75 /* NetworkManagerProtocol.swift */; };
		32558AA12BD062360058BC75 /* NetworkManagerError.swift in Sources */ = {isa = PBXBuildFile; fileRef = 32558AA02BD062360058BC75 /* NetworkManagerError.swift */; };
		32558AA32BD062EA0058BC75 /* URLComponents.swift in Sources */ = {isa = PBXBuildFile; fileRef = 32558AA22BD062EA0058BC75 /* URLComponents.swift */; };
		32558AA52BD063A00058BC75 /* Constants.swift in Sources */ = {isa = PBXBuildFile; fileRef = 32558AA42BD063A00058BC75 /* Constants.swift */; };
		32558AA82BD068FB0058BC75 /* CharactersListNetworkModel.swift in Sources */ = {isa = PBXBuildFile; fileRef = 32558AA72BD068FB0058BC75 /* CharactersListNetworkModel.swift */; };
		32558AAD2BD0728A0058BC75 /* CharacterDetailsNetworkModel.swift in Sources */ = {isa = PBXBuildFile; fileRef = 32558AAC2BD0728A0058BC75 /* CharacterDetailsNetworkModel.swift */; };
		32558AAF2BD072F20058BC75 /* CharacterDetailsService.swift in Sources */ = {isa = PBXBuildFile; fileRef = 32558AAE2BD072F20058BC75 /* CharacterDetailsService.swift */; };
		32558AB12BD0730D0058BC75 /* CharacterDetailsServiceProtocol.swift in Sources */ = {isa = PBXBuildFile; fileRef = 32558AB02BD0730D0058BC75 /* CharacterDetailsServiceProtocol.swift */; };
		32558AB52BD074AD0058BC75 /* GetCharacterDetailsRepository.swift in Sources */ = {isa = PBXBuildFile; fileRef = 32558AB42BD074AD0058BC75 /* GetCharacterDetailsRepository.swift */; };
		32558AB72BD074B30058BC75 /* GetCharacterDetailsRepositoryProtocol.swift in Sources */ = {isa = PBXBuildFile; fileRef = 32558AB62BD074B30058BC75 /* GetCharacterDetailsRepositoryProtocol.swift */; };
		32558ABB2BD0753C0058BC75 /* CharacterDetails.swift in Sources */ = {isa = PBXBuildFile; fileRef = 32558ABA2BD0753C0058BC75 /* CharacterDetails.swift */; };
		32558ABD2BD075960058BC75 /* CharacterDetailsGender.swift in Sources */ = {isa = PBXBuildFile; fileRef = 32558ABC2BD075960058BC75 /* CharacterDetailsGender.swift */; };
		32558ABF2BD0764A0058BC75 /* CharacterDetailsStatus.swift in Sources */ = {isa = PBXBuildFile; fileRef = 32558ABE2BD0764A0058BC75 /* CharacterDetailsStatus.swift */; };
		32558AC32BD076CC0058BC75 /* GetCharacterDetailsUseCase.swift in Sources */ = {isa = PBXBuildFile; fileRef = 32558AC22BD076CC0058BC75 /* GetCharacterDetailsUseCase.swift */; };
		32558AC52BD076E20058BC75 /* GetCharacterDetailsUseCaseProtocol.swift in Sources */ = {isa = PBXBuildFile; fileRef = 32558AC42BD076E20058BC75 /* GetCharacterDetailsUseCaseProtocol.swift */; };
		32558AC92BD079850058BC75 /* CharacterDetailsView.swift in Sources */ = {isa = PBXBuildFile; fileRef = 32558AC82BD079850058BC75 /* CharacterDetailsView.swift */; };
		32558ACB2BD0798D0058BC75 /* CharacterDetailsViewModel.swift in Sources */ = {isa = PBXBuildFile; fileRef = 32558ACA2BD0798D0058BC75 /* CharacterDetailsViewModel.swift */; };
		32558ACD2BD07D5C0058BC75 /* GetCharactersListRepositoryTests.swift in Sources */ = {isa = PBXBuildFile; fileRef = 32558ACC2BD07D5C0058BC75 /* GetCharactersListRepositoryTests.swift */; };
/* End PBXBuildFile section */

/* Begin PBXContainerItemProxy section */
		32558A5B2BD050AE0058BC75 /* PBXContainerItemProxy */ = {
			isa = PBXContainerItemProxy;
			containerPortal = 32558A422BD050AB0058BC75 /* Project object */;
			proxyType = 1;
			remoteGlobalIDString = 32558A492BD050AB0058BC75;
			remoteInfo = "Rick&MortySwiftUI";
		};
/* End PBXContainerItemProxy section */

/* Begin PBXFileReference section */
		32558A4A2BD050AB0058BC75 /* Rick&MortySwiftUI.app */ = {isa = PBXFileReference; explicitFileType = wrapper.application; includeInIndex = 0; path = "Rick&MortySwiftUI.app"; sourceTree = BUILT_PRODUCTS_DIR; };
		32558A4D2BD050AB0058BC75 /* AppDelegate.swift */ = {isa = PBXFileReference; lastKnownFileType = sourcecode.swift; path = AppDelegate.swift; sourceTree = "<group>"; };
		32558A512BD050AE0058BC75 /* Assets.xcassets */ = {isa = PBXFileReference; lastKnownFileType = folder.assetcatalog; path = Assets.xcassets; sourceTree = "<group>"; };
		32558A542BD050AE0058BC75 /* Preview Assets.xcassets */ = {isa = PBXFileReference; lastKnownFileType = folder.assetcatalog; path = "Preview Assets.xcassets"; sourceTree = "<group>"; };
		32558A5A2BD050AE0058BC75 /* Rick&MortySwiftUITests.xctest */ = {isa = PBXFileReference; explicitFileType = wrapper.cfbundle; includeInIndex = 0; path = "Rick&MortySwiftUITests.xctest"; sourceTree = BUILT_PRODUCTS_DIR; };
		32558A5E2BD050AE0058BC75 /* Rick_MortySwiftUITests.swift */ = {isa = PBXFileReference; lastKnownFileType = sourcecode.swift; path = Rick_MortySwiftUITests.swift; sourceTree = "<group>"; };
		32558A782BD051300058BC75 /* NetworkManager.swift */ = {isa = PBXFileReference; lastKnownFileType = sourcecode.swift; path = NetworkManager.swift; sourceTree = "<group>"; };
		32558A7B2BD054890058BC75 /* InyectionValues.swift */ = {isa = PBXFileReference; lastKnownFileType = sourcecode.swift; path = InyectionValues.swift; sourceTree = "<group>"; };
		32558A7E2BD055660058BC75 /* CharactersListViewModel.swift */ = {isa = PBXFileReference; lastKnownFileType = sourcecode.swift; path = CharactersListViewModel.swift; sourceTree = "<group>"; };
		32558A802BD055770058BC75 /* CharactersListView.swift */ = {isa = PBXFileReference; lastKnownFileType = sourcecode.swift; path = CharactersListView.swift; sourceTree = "<group>"; };
		32558A892BD0577C0058BC75 /* Character.swift */ = {isa = PBXFileReference; lastKnownFileType = sourcecode.swift; path = Character.swift; sourceTree = "<group>"; };
		32558A8B2BD057A80058BC75 /* GetCharactersListUseCase.swift */ = {isa = PBXFileReference; lastKnownFileType = sourcecode.swift; path = GetCharactersListUseCase.swift; sourceTree = "<group>"; };
		32558A8D2BD057E00058BC75 /* GetCharactersListUseCaseProtocol.swift */ = {isa = PBXFileReference; lastKnownFileType = sourcecode.swift; path = GetCharactersListUseCaseProtocol.swift; sourceTree = "<group>"; };
		32558A8F2BD059E60058BC75 /* PropertyWrapper.swift */ = {isa = PBXFileReference; lastKnownFileType = sourcecode.swift; path = PropertyWrapper.swift; sourceTree = "<group>"; };
		32558A912BD05A0A0058BC75 /* GetCharactersListRepository.swift */ = {isa = PBXFileReference; lastKnownFileType = sourcecode.swift; path = GetCharactersListRepository.swift; sourceTree = "<group>"; };
		32558A932BD05A3E0058BC75 /* GetCharactersListRepositoryProtocol.swift */ = {isa = PBXFileReference; lastKnownFileType = sourcecode.swift; path = GetCharactersListRepositoryProtocol.swift; sourceTree = "<group>"; };
		32558A952BD05AC20058BC75 /* CharactersListService.swift */ = {isa = PBXFileReference; lastKnownFileType = sourcecode.swift; path = CharactersListService.swift; sourceTree = "<group>"; };
		32558A972BD05AE70058BC75 /* CharactersListServiceProtocolKey.swift */ = {isa = PBXFileReference; lastKnownFileType = sourcecode.swift; path = CharactersListServiceProtocolKey.swift; sourceTree = "<group>"; };
		32558A992BD05CCB0058BC75 /* URLSession.swift */ = {isa = PBXFileReference; lastKnownFileType = sourcecode.swift; path = URLSession.swift; sourceTree = "<group>"; };
		32558A9B2BD060CA0058BC75 /* JSONDecoder.swift */ = {isa = PBXFileReference; lastKnownFileType = sourcecode.swift; path = JSONDecoder.swift; sourceTree = "<group>"; };
		32558A9E2BD061F10058BC75 /* NetworkManagerProtocol.swift */ = {isa = PBXFileReference; lastKnownFileType = sourcecode.swift; path = NetworkManagerProtocol.swift; sourceTree = "<group>"; };
		32558AA02BD062360058BC75 /* NetworkManagerError.swift */ = {isa = PBXFileReference; lastKnownFileType = sourcecode.swift; path = NetworkManagerError.swift; sourceTree = "<group>"; };
		32558AA22BD062EA0058BC75 /* URLComponents.swift */ = {isa = PBXFileReference; lastKnownFileType = sourcecode.swift; path = URLComponents.swift; sourceTree = "<group>"; };
		32558AA42BD063A00058BC75 /* Constants.swift */ = {isa = PBXFileReference; lastKnownFileType = sourcecode.swift; path = Constants.swift; sourceTree = "<group>"; };
		32558AA72BD068FB0058BC75 /* CharactersListNetworkModel.swift */ = {isa = PBXFileReference; lastKnownFileType = sourcecode.swift; path = CharactersListNetworkModel.swift; sourceTree = "<group>"; };
		32558AAC2BD0728A0058BC75 /* CharacterDetailsNetworkModel.swift */ = {isa = PBXFileReference; lastKnownFileType = sourcecode.swift; path = CharacterDetailsNetworkModel.swift; sourceTree = "<group>"; };
		32558AAE2BD072F20058BC75 /* CharacterDetailsService.swift */ = {isa = PBXFileReference; lastKnownFileType = sourcecode.swift; path = CharacterDetailsService.swift; sourceTree = "<group>"; };
		32558AB02BD0730D0058BC75 /* CharacterDetailsServiceProtocol.swift */ = {isa = PBXFileReference; lastKnownFileType = sourcecode.swift; path = CharacterDetailsServiceProtocol.swift; sourceTree = "<group>"; };
		32558AB42BD074AD0058BC75 /* GetCharacterDetailsRepository.swift */ = {isa = PBXFileReference; lastKnownFileType = sourcecode.swift; path = GetCharacterDetailsRepository.swift; sourceTree = "<group>"; };
		32558AB62BD074B30058BC75 /* GetCharacterDetailsRepositoryProtocol.swift */ = {isa = PBXFileReference; lastKnownFileType = sourcecode.swift; path = GetCharacterDetailsRepositoryProtocol.swift; sourceTree = "<group>"; };
		32558ABA2BD0753C0058BC75 /* CharacterDetails.swift */ = {isa = PBXFileReference; lastKnownFileType = sourcecode.swift; path = CharacterDetails.swift; sourceTree = "<group>"; };
		32558ABC2BD075960058BC75 /* CharacterDetailsGender.swift */ = {isa = PBXFileReference; lastKnownFileType = sourcecode.swift; path = CharacterDetailsGender.swift; sourceTree = "<group>"; };
		32558ABE2BD0764A0058BC75 /* CharacterDetailsStatus.swift */ = {isa = PBXFileReference; lastKnownFileType = sourcecode.swift; path = CharacterDetailsStatus.swift; sourceTree = "<group>"; };
		32558AC22BD076CC0058BC75 /* GetCharacterDetailsUseCase.swift */ = {isa = PBXFileReference; lastKnownFileType = sourcecode.swift; path = GetCharacterDetailsUseCase.swift; sourceTree = "<group>"; };
		32558AC42BD076E20058BC75 /* GetCharacterDetailsUseCaseProtocol.swift */ = {isa = PBXFileReference; lastKnownFileType = sourcecode.swift; path = GetCharacterDetailsUseCaseProtocol.swift; sourceTree = "<group>"; };
		32558AC82BD079850058BC75 /* CharacterDetailsView.swift */ = {isa = PBXFileReference; lastKnownFileType = sourcecode.swift; path = CharacterDetailsView.swift; sourceTree = "<group>"; };
		32558ACA2BD0798D0058BC75 /* CharacterDetailsViewModel.swift */ = {isa = PBXFileReference; lastKnownFileType = sourcecode.swift; path = CharacterDetailsViewModel.swift; sourceTree = "<group>"; };
		32558ACC2BD07D5C0058BC75 /* GetCharactersListRepositoryTests.swift */ = {isa = PBXFileReference; lastKnownFileType = sourcecode.swift; path = GetCharactersListRepositoryTests.swift; sourceTree = "<group>"; };
/* End PBXFileReference section */

/* Begin PBXFrameworksBuildPhase section */
		32558A472BD050AB0058BC75 /* Frameworks */ = {
			isa = PBXFrameworksBuildPhase;
			buildActionMask = 2147483647;
			files = (
			);
			runOnlyForDeploymentPostprocessing = 0;
		};
		32558A572BD050AE0058BC75 /* Frameworks */ = {
			isa = PBXFrameworksBuildPhase;
			buildActionMask = 2147483647;
			files = (
			);
			runOnlyForDeploymentPostprocessing = 0;
		};
/* End PBXFrameworksBuildPhase section */

/* Begin PBXGroup section */
		32558A412BD050AB0058BC75 = {
			isa = PBXGroup;
			children = (
				32558A4C2BD050AB0058BC75 /* Rick&MortySwiftUI */,
				32558A5D2BD050AE0058BC75 /* Rick&MortySwiftUITests */,
				32558A4B2BD050AB0058BC75 /* Products */,
			);
			sourceTree = "<group>";
		};
		32558A4B2BD050AB0058BC75 /* Products */ = {
			isa = PBXGroup;
			children = (
				32558A4A2BD050AB0058BC75 /* Rick&MortySwiftUI.app */,
				32558A5A2BD050AE0058BC75 /* Rick&MortySwiftUITests.xctest */,
			);
			name = Products;
			sourceTree = "<group>";
		};
		32558A4C2BD050AB0058BC75 /* Rick&MortySwiftUI */ = {
			isa = PBXGroup;
			children = (
				32558A772BD050EE0058BC75 /* Data */,
				32558A842BD0573A0058BC75 /* Domain */,
				32558A7D2BD0554C0058BC75 /* Presentation */,
				32558A7A2BD051820058BC75 /* Utils */,
				32558A4D2BD050AB0058BC75 /* AppDelegate.swift */,
				32558A512BD050AE0058BC75 /* Assets.xcassets */,
				32558A532BD050AE0058BC75 /* Preview Content */,
			);
			path = "Rick&MortySwiftUI";
			sourceTree = "<group>";
		};
		32558A532BD050AE0058BC75 /* Preview Content */ = {
			isa = PBXGroup;
			children = (
				32558A542BD050AE0058BC75 /* Preview Assets.xcassets */,
			);
			path = "Preview Content";
			sourceTree = "<group>";
		};
		32558A5D2BD050AE0058BC75 /* Rick&MortySwiftUITests */ = {
			isa = PBXGroup;
			children = (
				32558A5E2BD050AE0058BC75 /* Rick_MortySwiftUITests.swift */,
				32558ACC2BD07D5C0058BC75 /* GetCharactersListRepositoryTests.swift */,
			);
			path = "Rick&MortySwiftUITests";
			sourceTree = "<group>";
		};
		32558A772BD050EE0058BC75 /* Data */ = {
			isa = PBXGroup;
			children = (
				32558A9D2BD061E40058BC75 /* NetworkManager */,
				32558A882BD057630058BC75 /* Services */,
				32558A872BD057560058BC75 /* Repository */,
			);
			path = Data;
			sourceTree = "<group>";
		};
		32558A7A2BD051820058BC75 /* Utils */ = {
			isa = PBXGroup;
			children = (
				32558A7B2BD054890058BC75 /* InyectionValues.swift */,
				32558A8F2BD059E60058BC75 /* PropertyWrapper.swift */,
				32558A992BD05CCB0058BC75 /* URLSession.swift */,
				32558A9B2BD060CA0058BC75 /* JSONDecoder.swift */,
				32558AA22BD062EA0058BC75 /* URLComponents.swift */,
				32558AA42BD063A00058BC75 /* Constants.swift */,
			);
			path = Utils;
			sourceTree = "<group>";
		};
		32558A7D2BD0554C0058BC75 /* Presentation */ = {
			isa = PBXGroup;
			children = (
				32558AC72BD079760058BC75 /* CharacterDetails */,
				32558AC62BD079670058BC75 /* CharactersLits */,
			);
			path = Presentation;
			sourceTree = "<group>";
		};
		32558A842BD0573A0058BC75 /* Domain */ = {
			isa = PBXGroup;
			children = (
				32558A862BD0574A0058BC75 /* UseCase */,
				32558A852BD057460058BC75 /* Entities */,
			);
			path = Domain;
			sourceTree = "<group>";
		};
		32558A852BD057460058BC75 /* Entities */ = {
			isa = PBXGroup;
			children = (
				32558AB92BD0751C0058BC75 /* CharacterDetails */,
				32558AB82BD075120058BC75 /* Character */,
			);
			path = Entities;
			sourceTree = "<group>";
		};
		32558A862BD0574A0058BC75 /* UseCase */ = {
			isa = PBXGroup;
			children = (
				32558AC12BD076960058BC75 /* GetCharacterDetails */,
				32558AC02BD0768D0058BC75 /* GetCharactersList */,
			);
			path = UseCase;
			sourceTree = "<group>";
		};
		32558A872BD057560058BC75 /* Repository */ = {
			isa = PBXGroup;
			children = (
				32558AB32BD074950058BC75 /* GetCharacterDetails */,
				32558AB22BD073770058BC75 /* GetCharactersList */,
			);
			path = Repository;
			sourceTree = "<group>";
		};
		32558A882BD057630058BC75 /* Services */ = {
			isa = PBXGroup;
			children = (
				32558AAA2BD071FD0058BC75 /* CharacterDetails */,
				32558AA92BD071EC0058BC75 /* CharacterList */,
			);
			path = Services;
			sourceTree = "<group>";
		};
		32558A9D2BD061E40058BC75 /* NetworkManager */ = {
			isa = PBXGroup;
			children = (
				32558A782BD051300058BC75 /* NetworkManager.swift */,
				32558A9E2BD061F10058BC75 /* NetworkManagerProtocol.swift */,
				32558AA02BD062360058BC75 /* NetworkManagerError.swift */,
			);
			path = NetworkManager;
			sourceTree = "<group>";
		};
		32558AA62BD0689F0058BC75 /* Models */ = {
			isa = PBXGroup;
			children = (
				32558AA72BD068FB0058BC75 /* CharactersListNetworkModel.swift */,
			);
			path = Models;
			sourceTree = "<group>";
		};
		32558AA92BD071EC0058BC75 /* CharacterList */ = {
			isa = PBXGroup;
			children = (
				32558AA62BD0689F0058BC75 /* Models */,
				32558A972BD05AE70058BC75 /* CharactersListServiceProtocolKey.swift */,
				32558A952BD05AC20058BC75 /* CharactersListService.swift */,
			);
			path = CharacterList;
			sourceTree = "<group>";
		};
		32558AAA2BD071FD0058BC75 /* CharacterDetails */ = {
			isa = PBXGroup;
			children = (
				32558AAB2BD0720B0058BC75 /* Models */,
				32558AAE2BD072F20058BC75 /* CharacterDetailsService.swift */,
				32558AB02BD0730D0058BC75 /* CharacterDetailsServiceProtocol.swift */,
			);
			path = CharacterDetails;
			sourceTree = "<group>";
		};
		32558AAB2BD0720B0058BC75 /* Models */ = {
			isa = PBXGroup;
			children = (
				32558AAC2BD0728A0058BC75 /* CharacterDetailsNetworkModel.swift */,
			);
			path = Models;
			sourceTree = "<group>";
		};
		32558AB22BD073770058BC75 /* GetCharactersList */ = {
			isa = PBXGroup;
			children = (
				32558A912BD05A0A0058BC75 /* GetCharactersListRepository.swift */,
				32558A932BD05A3E0058BC75 /* GetCharactersListRepositoryProtocol.swift */,
			);
			path = GetCharactersList;
			sourceTree = "<group>";
		};
		32558AB32BD074950058BC75 /* GetCharacterDetails */ = {
			isa = PBXGroup;
			children = (
				32558AB42BD074AD0058BC75 /* GetCharacterDetailsRepository.swift */,
				32558AB62BD074B30058BC75 /* GetCharacterDetailsRepositoryProtocol.swift */,
			);
			path = GetCharacterDetails;
			sourceTree = "<group>";
		};
		32558AB82BD075120058BC75 /* Character */ = {
			isa = PBXGroup;
			children = (
				32558A892BD0577C0058BC75 /* Character.swift */,
			);
			path = Character;
			sourceTree = "<group>";
		};
		32558AB92BD0751C0058BC75 /* CharacterDetails */ = {
			isa = PBXGroup;
			children = (
				32558ABA2BD0753C0058BC75 /* CharacterDetails.swift */,
				32558ABC2BD075960058BC75 /* CharacterDetailsGender.swift */,
				32558ABE2BD0764A0058BC75 /* CharacterDetailsStatus.swift */,
			);
			path = CharacterDetails;
			sourceTree = "<group>";
		};
		32558AC02BD0768D0058BC75 /* GetCharactersList */ = {
			isa = PBXGroup;
			children = (
				32558A8D2BD057E00058BC75 /* GetCharactersListUseCaseProtocol.swift */,
				32558A8B2BD057A80058BC75 /* GetCharactersListUseCase.swift */,
			);
			path = GetCharactersList;
			sourceTree = "<group>";
		};
		32558AC12BD076960058BC75 /* GetCharacterDetails */ = {
			isa = PBXGroup;
			children = (
				32558AC22BD076CC0058BC75 /* GetCharacterDetailsUseCase.swift */,
				32558AC42BD076E20058BC75 /* GetCharacterDetailsUseCaseProtocol.swift */,
			);
			path = GetCharacterDetails;
			sourceTree = "<group>";
		};
		32558AC62BD079670058BC75 /* CharactersLits */ = {
			isa = PBXGroup;
			children = (
				32558A7E2BD055660058BC75 /* CharactersListViewModel.swift */,
				32558A802BD055770058BC75 /* CharactersListView.swift */,
			);
			path = CharactersLits;
			sourceTree = "<group>";
		};
		32558AC72BD079760058BC75 /* CharacterDetails */ = {
			isa = PBXGroup;
			children = (
				32558AC82BD079850058BC75 /* CharacterDetailsView.swift */,
				32558ACA2BD0798D0058BC75 /* CharacterDetailsViewModel.swift */,
			);
			path = CharacterDetails;
			sourceTree = "<group>";
		};
/* End PBXGroup section */

/* Begin PBXNativeTarget section */
		32558A492BD050AB0058BC75 /* Rick&MortySwiftUI */ = {
			isa = PBXNativeTarget;
			buildConfigurationList = 32558A6E2BD050AE0058BC75 /* Build configuration list for PBXNativeTarget "Rick&MortySwiftUI" */;
			buildPhases = (
				32558A462BD050AB0058BC75 /* Sources */,
				32558A472BD050AB0058BC75 /* Frameworks */,
				32558A482BD050AB0058BC75 /* Resources */,
			);
			buildRules = (
			);
			dependencies = (
			);
			name = "Rick&MortySwiftUI";
			productName = "Rick&MortySwiftUI";
			productReference = 32558A4A2BD050AB0058BC75 /* Rick&MortySwiftUI.app */;
			productType = "com.apple.product-type.application";
		};
		32558A592BD050AE0058BC75 /* Rick&MortySwiftUITests */ = {
			isa = PBXNativeTarget;
			buildConfigurationList = 32558A712BD050AE0058BC75 /* Build configuration list for PBXNativeTarget "Rick&MortySwiftUITests" */;
			buildPhases = (
				32558A562BD050AE0058BC75 /* Sources */,
				32558A572BD050AE0058BC75 /* Frameworks */,
				32558A582BD050AE0058BC75 /* Resources */,
			);
			buildRules = (
			);
			dependencies = (
				32558A5C2BD050AE0058BC75 /* PBXTargetDependency */,
			);
			name = "Rick&MortySwiftUITests";
			productName = "Rick&MortySwiftUITests";
			productReference = 32558A5A2BD050AE0058BC75 /* Rick&MortySwiftUITests.xctest */;
			productType = "com.apple.product-type.bundle.unit-test";
		};
/* End PBXNativeTarget section */

/* Begin PBXProject section */
		32558A422BD050AB0058BC75 /* Project object */ = {
			isa = PBXProject;
			attributes = {
				BuildIndependentTargetsInParallel = 1;
				LastSwiftUpdateCheck = 1430;
				LastUpgradeCheck = 1430;
				TargetAttributes = {
					32558A492BD050AB0058BC75 = {
						CreatedOnToolsVersion = 14.3;
					};
					32558A592BD050AE0058BC75 = {
						CreatedOnToolsVersion = 14.3;
						TestTargetID = 32558A492BD050AB0058BC75;
					};
				};
			};
			buildConfigurationList = 32558A452BD050AB0058BC75 /* Build configuration list for PBXProject "Rick&MortySwiftUI" */;
			compatibilityVersion = "Xcode 14.0";
			developmentRegion = en;
			hasScannedForEncodings = 0;
			knownRegions = (
				en,
				Base,
			);
			mainGroup = 32558A412BD050AB0058BC75;
			productRefGroup = 32558A4B2BD050AB0058BC75 /* Products */;
			projectDirPath = "";
			projectRoot = "";
			targets = (
				32558A492BD050AB0058BC75 /* Rick&MortySwiftUI */,
				32558A592BD050AE0058BC75 /* Rick&MortySwiftUITests */,
			);
		};
/* End PBXProject section */

/* Begin PBXResourcesBuildPhase section */
		32558A482BD050AB0058BC75 /* Resources */ = {
			isa = PBXResourcesBuildPhase;
			buildActionMask = 2147483647;
			files = (
				32558A552BD050AE0058BC75 /* Preview Assets.xcassets in Resources */,
				32558A522BD050AE0058BC75 /* Assets.xcassets in Resources */,
			);
			runOnlyForDeploymentPostprocessing = 0;
		};
		32558A582BD050AE0058BC75 /* Resources */ = {
			isa = PBXResourcesBuildPhase;
			buildActionMask = 2147483647;
			files = (
			);
			runOnlyForDeploymentPostprocessing = 0;
		};
/* End PBXResourcesBuildPhase section */

/* Begin PBXSourcesBuildPhase section */
		32558A462BD050AB0058BC75 /* Sources */ = {
			isa = PBXSourcesBuildPhase;
			buildActionMask = 2147483647;
			files = (
				32558AB12BD0730D0058BC75 /* CharacterDetailsServiceProtocol.swift in Sources */,
				32558AA52BD063A00058BC75 /* Constants.swift in Sources */,
				32558A792BD051300058BC75 /* NetworkManager.swift in Sources */,
				32558AA12BD062360058BC75 /* NetworkManagerError.swift in Sources */,
				32558AA82BD068FB0058BC75 /* CharactersListNetworkModel.swift in Sources */,
				32558A8E2BD057E00058BC75 /* GetCharactersListUseCaseProtocol.swift in Sources */,
				32558A9A2BD05CCB0058BC75 /* URLSession.swift in Sources */,
				32558A942BD05A3E0058BC75 /* GetCharactersListRepositoryProtocol.swift in Sources */,
				32558ABD2BD075960058BC75 /* CharacterDetailsGender.swift in Sources */,
				32558AB72BD074B30058BC75 /* GetCharacterDetailsRepositoryProtocol.swift in Sources */,
				32558A902BD059E60058BC75 /* PropertyWrapper.swift in Sources */,
				32558AC52BD076E20058BC75 /* GetCharacterDetailsUseCaseProtocol.swift in Sources */,
				32558ABB2BD0753C0058BC75 /* CharacterDetails.swift in Sources */,
				32558A7F2BD055660058BC75 /* CharactersListViewModel.swift in Sources */,
				32558AAF2BD072F20058BC75 /* CharacterDetailsService.swift in Sources */,
				32558A922BD05A0A0058BC75 /* GetCharactersListRepository.swift in Sources */,
				32558AA32BD062EA0058BC75 /* URLComponents.swift in Sources */,
				32558AC92BD079850058BC75 /* CharacterDetailsView.swift in Sources */,
				32558A982BD05AE70058BC75 /* CharactersListServiceProtocolKey.swift in Sources */,
				32558A8C2BD057A80058BC75 /* GetCharactersListUseCase.swift in Sources */,
				32558A8A2BD0577C0058BC75 /* Character.swift in Sources */,
				32558A812BD055770058BC75 /* CharactersListView.swift in Sources */,
				32558AB52BD074AD0058BC75 /* GetCharacterDetailsRepository.swift in Sources */,
				32558A962BD05AC20058BC75 /* CharactersListService.swift in Sources */,
				32558AC32BD076CC0058BC75 /* GetCharacterDetailsUseCase.swift in Sources */,
				32558ACB2BD0798D0058BC75 /* CharacterDetailsViewModel.swift in Sources */,
				32558ABF2BD0764A0058BC75 /* CharacterDetailsStatus.swift in Sources */,
				32558A9F2BD061F10058BC75 /* NetworkManagerProtocol.swift in Sources */,
				32558A9C2BD060CA0058BC75 /* JSONDecoder.swift in Sources */,
				32558A7C2BD054890058BC75 /* InyectionValues.swift in Sources */,
				32558AAD2BD0728A0058BC75 /* CharacterDetailsNetworkModel.swift in Sources */,
				32558A4E2BD050AB0058BC75 /* AppDelegate.swift in Sources */,
			);
			runOnlyForDeploymentPostprocessing = 0;
		};
		32558A562BD050AE0058BC75 /* Sources */ = {
			isa = PBXSourcesBuildPhase;
			buildActionMask = 2147483647;
			files = (
				32558ACD2BD07D5C0058BC75 /* GetCharactersListRepositoryTests.swift in Sources */,
				32558A5F2BD050AE0058BC75 /* Rick_MortySwiftUITests.swift in Sources */,
			);
			runOnlyForDeploymentPostprocessing = 0;
		};
/* End PBXSourcesBuildPhase section */

/* Begin PBXTargetDependency section */
		32558A5C2BD050AE0058BC75 /* PBXTargetDependency */ = {
			isa = PBXTargetDependency;
			target = 32558A492BD050AB0058BC75 /* Rick&MortySwiftUI */;
			targetProxy = 32558A5B2BD050AE0058BC75 /* PBXContainerItemProxy */;
		};
/* End PBXTargetDependency section */

/* Begin XCBuildConfiguration section */
		32558A6C2BD050AE0058BC75 /* Debug */ = {
			isa = XCBuildConfiguration;
			buildSettings = {
				ALWAYS_SEARCH_USER_PATHS = NO;
				CLANG_ANALYZER_NONNULL = YES;
				CLANG_ANALYZER_NUMBER_OBJECT_CONVERSION = YES_AGGRESSIVE;
				CLANG_CXX_LANGUAGE_STANDARD = "gnu++20";
				CLANG_ENABLE_MODULES = YES;
				CLANG_ENABLE_OBJC_ARC = YES;
				CLANG_ENABLE_OBJC_WEAK = YES;
				CLANG_WARN_BLOCK_CAPTURE_AUTORELEASING = YES;
				CLANG_WARN_BOOL_CONVERSION = YES;
				CLANG_WARN_COMMA = YES;
				CLANG_WARN_CONSTANT_CONVERSION = YES;
				CLANG_WARN_DEPRECATED_OBJC_IMPLEMENTATIONS = YES;
				CLANG_WARN_DIRECT_OBJC_ISA_USAGE = YES_ERROR;
				CLANG_WARN_DOCUMENTATION_COMMENTS = YES;
				CLANG_WARN_EMPTY_BODY = YES;
				CLANG_WARN_ENUM_CONVERSION = YES;
				CLANG_WARN_INFINITE_RECURSION = YES;
				CLANG_WARN_INT_CONVERSION = YES;
				CLANG_WARN_NON_LITERAL_NULL_CONVERSION = YES;
				CLANG_WARN_OBJC_IMPLICIT_RETAIN_SELF = YES;
				CLANG_WARN_OBJC_LITERAL_CONVERSION = YES;
				CLANG_WARN_OBJC_ROOT_CLASS = YES_ERROR;
				CLANG_WARN_QUOTED_INCLUDE_IN_FRAMEWORK_HEADER = YES;
				CLANG_WARN_RANGE_LOOP_ANALYSIS = YES;
				CLANG_WARN_STRICT_PROTOTYPES = YES;
				CLANG_WARN_SUSPICIOUS_MOVE = YES;
				CLANG_WARN_UNGUARDED_AVAILABILITY = YES_AGGRESSIVE;
				CLANG_WARN_UNREACHABLE_CODE = YES;
				CLANG_WARN__DUPLICATE_METHOD_MATCH = YES;
				COPY_PHASE_STRIP = NO;
				DEBUG_INFORMATION_FORMAT = dwarf;
				ENABLE_STRICT_OBJC_MSGSEND = YES;
				ENABLE_TESTABILITY = YES;
				GCC_C_LANGUAGE_STANDARD = gnu11;
				GCC_DYNAMIC_NO_PIC = NO;
				GCC_NO_COMMON_BLOCKS = YES;
				GCC_OPTIMIZATION_LEVEL = 0;
				GCC_PREPROCESSOR_DEFINITIONS = (
					"DEBUG=1",
					"$(inherited)",
				);
				GCC_WARN_64_TO_32_BIT_CONVERSION = YES;
				GCC_WARN_ABOUT_RETURN_TYPE = YES_ERROR;
				GCC_WARN_UNDECLARED_SELECTOR = YES;
				GCC_WARN_UNINITIALIZED_AUTOS = YES_AGGRESSIVE;
				GCC_WARN_UNUSED_FUNCTION = YES;
				GCC_WARN_UNUSED_VARIABLE = YES;
				IPHONEOS_DEPLOYMENT_TARGET = 16.4;
				MTL_ENABLE_DEBUG_INFO = INCLUDE_SOURCE;
				MTL_FAST_MATH = YES;
				ONLY_ACTIVE_ARCH = YES;
				SDKROOT = iphoneos;
				SWIFT_ACTIVE_COMPILATION_CONDITIONS = DEBUG;
				SWIFT_OPTIMIZATION_LEVEL = "-Onone";
			};
			name = Debug;
		};
		32558A6D2BD050AE0058BC75 /* Release */ = {
			isa = XCBuildConfiguration;
			buildSettings = {
				ALWAYS_SEARCH_USER_PATHS = NO;
				CLANG_ANALYZER_NONNULL = YES;
				CLANG_ANALYZER_NUMBER_OBJECT_CONVERSION = YES_AGGRESSIVE;
				CLANG_CXX_LANGUAGE_STANDARD = "gnu++20";
				CLANG_ENABLE_MODULES = YES;
				CLANG_ENABLE_OBJC_ARC = YES;
				CLANG_ENABLE_OBJC_WEAK = YES;
				CLANG_WARN_BLOCK_CAPTURE_AUTORELEASING = YES;
				CLANG_WARN_BOOL_CONVERSION = YES;
				CLANG_WARN_COMMA = YES;
				CLANG_WARN_CONSTANT_CONVERSION = YES;
				CLANG_WARN_DEPRECATED_OBJC_IMPLEMENTATIONS = YES;
				CLANG_WARN_DIRECT_OBJC_ISA_USAGE = YES_ERROR;
				CLANG_WARN_DOCUMENTATION_COMMENTS = YES;
				CLANG_WARN_EMPTY_BODY = YES;
				CLANG_WARN_ENUM_CONVERSION = YES;
				CLANG_WARN_INFINITE_RECURSION = YES;
				CLANG_WARN_INT_CONVERSION = YES;
				CLANG_WARN_NON_LITERAL_NULL_CONVERSION = YES;
				CLANG_WARN_OBJC_IMPLICIT_RETAIN_SELF = YES;
				CLANG_WARN_OBJC_LITERAL_CONVERSION = YES;
				CLANG_WARN_OBJC_ROOT_CLASS = YES_ERROR;
				CLANG_WARN_QUOTED_INCLUDE_IN_FRAMEWORK_HEADER = YES;
				CLANG_WARN_RANGE_LOOP_ANALYSIS = YES;
				CLANG_WARN_STRICT_PROTOTYPES = YES;
				CLANG_WARN_SUSPICIOUS_MOVE = YES;
				CLANG_WARN_UNGUARDED_AVAILABILITY = YES_AGGRESSIVE;
				CLANG_WARN_UNREACHABLE_CODE = YES;
				CLANG_WARN__DUPLICATE_METHOD_MATCH = YES;
				COPY_PHASE_STRIP = NO;
				DEBUG_INFORMATION_FORMAT = "dwarf-with-dsym";
				ENABLE_NS_ASSERTIONS = NO;
				ENABLE_STRICT_OBJC_MSGSEND = YES;
				GCC_C_LANGUAGE_STANDARD = gnu11;
				GCC_NO_COMMON_BLOCKS = YES;
				GCC_WARN_64_TO_32_BIT_CONVERSION = YES;
				GCC_WARN_ABOUT_RETURN_TYPE = YES_ERROR;
				GCC_WARN_UNDECLARED_SELECTOR = YES;
				GCC_WARN_UNINITIALIZED_AUTOS = YES_AGGRESSIVE;
				GCC_WARN_UNUSED_FUNCTION = YES;
				GCC_WARN_UNUSED_VARIABLE = YES;
				IPHONEOS_DEPLOYMENT_TARGET = 16.4;
				MTL_ENABLE_DEBUG_INFO = NO;
				MTL_FAST_MATH = YES;
				SDKROOT = iphoneos;
				SWIFT_COMPILATION_MODE = wholemodule;
				SWIFT_OPTIMIZATION_LEVEL = "-O";
				VALIDATE_PRODUCT = YES;
			};
			name = Release;
		};
		32558A6F2BD050AE0058BC75 /* Debug */ = {
			isa = XCBuildConfiguration;
			buildSettings = {
				ASSETCATALOG_COMPILER_APPICON_NAME = AppIcon;
				ASSETCATALOG_COMPILER_GLOBAL_ACCENT_COLOR_NAME = AccentColor;
				CODE_SIGN_STYLE = Automatic;
				CURRENT_PROJECT_VERSION = 1;
				DEVELOPMENT_ASSET_PATHS = "\"Rick&MortySwiftUI/Preview Content\"";
				ENABLE_PREVIEWS = YES;
				GENERATE_INFOPLIST_FILE = YES;
				INFOPLIST_KEY_UIApplicationSceneManifest_Generation = YES;
				INFOPLIST_KEY_UIApplicationSupportsIndirectInputEvents = YES;
				INFOPLIST_KEY_UILaunchScreen_Generation = YES;
				INFOPLIST_KEY_UISupportedInterfaceOrientations_iPad = "UIInterfaceOrientationPortrait UIInterfaceOrientationPortraitUpsideDown UIInterfaceOrientationLandscapeLeft UIInterfaceOrientationLandscapeRight";
				INFOPLIST_KEY_UISupportedInterfaceOrientations_iPhone = "UIInterfaceOrientationPortrait UIInterfaceOrientationLandscapeLeft UIInterfaceOrientationLandscapeRight";
				LD_RUNPATH_SEARCH_PATHS = (
					"$(inherited)",
					"@executable_path/Frameworks",
				);
				MARKETING_VERSION = 1.0;
				PRODUCT_BUNDLE_IDENTIFIER = "com.herrero.Rick-MortySwiftUI";
				PRODUCT_NAME = "$(TARGET_NAME)";
				SWIFT_EMIT_LOC_STRINGS = YES;
				SWIFT_VERSION = 5.0;
				TARGETED_DEVICE_FAMILY = "1,2";
			};
			name = Debug;
		};
		32558A702BD050AE0058BC75 /* Release */ = {
			isa = XCBuildConfiguration;
			buildSettings = {
				ASSETCATALOG_COMPILER_APPICON_NAME = AppIcon;
				ASSETCATALOG_COMPILER_GLOBAL_ACCENT_COLOR_NAME = AccentColor;
				CODE_SIGN_STYLE = Automatic;
				CURRENT_PROJECT_VERSION = 1;
				DEVELOPMENT_ASSET_PATHS = "\"Rick&MortySwiftUI/Preview Content\"";
				ENABLE_PREVIEWS = YES;
				GENERATE_INFOPLIST_FILE = YES;
				INFOPLIST_KEY_UIApplicationSceneManifest_Generation = YES;
				INFOPLIST_KEY_UIApplicationSupportsIndirectInputEvents = YES;
				INFOPLIST_KEY_UILaunchScreen_Generation = YES;
				INFOPLIST_KEY_UISupportedInterfaceOrientations_iPad = "UIInterfaceOrientationPortrait UIInterfaceOrientationPortraitUpsideDown UIInterfaceOrientationLandscapeLeft UIInterfaceOrientationLandscapeRight";
				INFOPLIST_KEY_UISupportedInterfaceOrientations_iPhone = "UIInterfaceOrientationPortrait UIInterfaceOrientationLandscapeLeft UIInterfaceOrientationLandscapeRight";
				LD_RUNPATH_SEARCH_PATHS = (
					"$(inherited)",
					"@executable_path/Frameworks",
				);
				MARKETING_VERSION = 1.0;
				PRODUCT_BUNDLE_IDENTIFIER = "com.herrero.Rick-MortySwiftUI";
				PRODUCT_NAME = "$(TARGET_NAME)";
				SWIFT_EMIT_LOC_STRINGS = YES;
				SWIFT_VERSION = 5.0;
				TARGETED_DEVICE_FAMILY = "1,2";
			};
			name = Release;
		};
		32558A722BD050AE0058BC75 /* Debug */ = {
			isa = XCBuildConfiguration;
			buildSettings = {
				ALWAYS_EMBED_SWIFT_STANDARD_LIBRARIES = YES;
				BUNDLE_LOADER = "$(TEST_HOST)";
				CODE_SIGN_STYLE = Automatic;
				CURRENT_PROJECT_VERSION = 1;
				GENERATE_INFOPLIST_FILE = YES;
				IPHONEOS_DEPLOYMENT_TARGET = 16.4;
				MARKETING_VERSION = 1.0;
				PRODUCT_BUNDLE_IDENTIFIER = "com.herrero.Rick-MortySwiftUITests";
				PRODUCT_NAME = "$(TARGET_NAME)";
				SWIFT_EMIT_LOC_STRINGS = NO;
				SWIFT_VERSION = 5.0;
				TARGETED_DEVICE_FAMILY = "1,2";
				TEST_HOST = "$(BUILT_PRODUCTS_DIR)/Rick&MortySwiftUI.app/$(BUNDLE_EXECUTABLE_FOLDER_PATH)/Rick&MortySwiftUI";
			};
			name = Debug;
		};
		32558A732BD050AE0058BC75 /* Release */ = {
			isa = XCBuildConfiguration;
			buildSettings = {
				ALWAYS_EMBED_SWIFT_STANDARD_LIBRARIES = YES;
				BUNDLE_LOADER = "$(TEST_HOST)";
				CODE_SIGN_STYLE = Automatic;
				CURRENT_PROJECT_VERSION = 1;
				GENERATE_INFOPLIST_FILE = YES;
				IPHONEOS_DEPLOYMENT_TARGET = 16.4;
				MARKETING_VERSION = 1.0;
				PRODUCT_BUNDLE_IDENTIFIER = "com.herrero.Rick-MortySwiftUITests";
				PRODUCT_NAME = "$(TARGET_NAME)";
				SWIFT_EMIT_LOC_STRINGS = NO;
				SWIFT_VERSION = 5.0;
				TARGETED_DEVICE_FAMILY = "1,2";
				TEST_HOST = "$(BUILT_PRODUCTS_DIR)/Rick&MortySwiftUI.app/$(BUNDLE_EXECUTABLE_FOLDER_PATH)/Rick&MortySwiftUI";
			};
			name = Release;
		};
/* End XCBuildConfiguration section */

/* Begin XCConfigurationList section */
		32558A452BD050AB0058BC75 /* Build configuration list for PBXProject "Rick&MortySwiftUI" */ = {
			isa = XCConfigurationList;
			buildConfigurations = (
				32558A6C2BD050AE0058BC75 /* Debug */,
				32558A6D2BD050AE0058BC75 /* Release */,
			);
			defaultConfigurationIsVisible = 0;
			defaultConfigurationName = Release;
		};
		32558A6E2BD050AE0058BC75 /* Build configuration list for PBXNativeTarget "Rick&MortySwiftUI" */ = {
			isa = XCConfigurationList;
			buildConfigurations = (
				32558A6F2BD050AE0058BC75 /* Debug */,
				32558A702BD050AE0058BC75 /* Release */,
			);
			defaultConfigurationIsVisible = 0;
			defaultConfigurationName = Release;
		};
		32558A712BD050AE0058BC75 /* Build configuration list for PBXNativeTarget "Rick&MortySwiftUITests" */ = {
			isa = XCConfigurationList;
			buildConfigurations = (
				32558A722BD050AE0058BC75 /* Debug */,
				32558A732BD050AE0058BC75 /* Release */,
			);
			defaultConfigurationIsVisible = 0;
			defaultConfigurationName = Release;
		};
/* End XCConfigurationList section */
	};
	rootObject = 32558A422BD050AB0058BC75 /* Project object */;
}
